
Microsoft Visual Studio Solution File, Format Version 12.00
# Visual Studio Version 17
VisualStudioVersion = 17.8.34316.72
MinimumVisualStudioVersion = 10.0.40219.1
Project("{9A19103F-16F7-4668-BE54-9A1E7A4F7556}") = "ProductDemo.Server", "ProdectDemo.Server\ProductDemo.Server.csproj", "{7C9BAA6E-7645-40E9-90BD-29BE8C8B6A3A}"
EndProject
Project("{54A90642-561A-4BB1-A94E-469ADEE60C69}") = "productdemo.client", "prodectdemo.client\productdemo.client.esproj", "{26E9B160-7EF4-44A9-BBDF-B4EA7B2EA106}"
EndProject
Global
	GlobalSection(SolutionConfigurationPlatforms) = preSolution
		Debug|Any CPU = Debug|Any CPU
		Release|Any CPU = Release|Any CPU
	EndGlobalSection
	GlobalSection(ProjectConfigurationPlatforms) = postSolution
		{7C9BAA6E-7645-40E9-90BD-29BE8C8B6A3A}.Debug|Any CPU.ActiveCfg = Debug|Any CPU
		{7C9BAA6E-7645-40E9-90BD-29BE8C8B6A3A}.Debug|Any CPU.Build.0 = Debug|Any CPU
		{7C9BAA6E-7645-40E9-90BD-29BE8C8B6A3A}.Release|Any CPU.ActiveCfg = Release|Any CPU
		{7C9BAA6E-7645-40E9-90BD-29BE8C8B6A3A}.Release|Any CPU.Build.0 = Release|Any CPU
		{26E9B160-7EF4-44A9-BBDF-B4EA7B2EA106}.Debug|Any CPU.ActiveCfg = Debug|Any CPU
		{26E9B160-7EF4-44A9-BBDF-B4EA7B2EA106}.Debug|Any CPU.Build.0 = Debug|Any CPU
		{26E9B160-7EF4-44A9-BBDF-B4EA7B2EA106}.Debug|Any CPU.Deploy.0 = Debug|Any CPU
		{26E9B160-7EF4-44A9-BBDF-B4EA7B2EA106}.Release|Any CPU.ActiveCfg = Release|Any CPU
		{26E9B160-7EF4-44A9-BBDF-B4EA7B2EA106}.Release|Any CPU.Build.0 = Release|Any CPU
		{26E9B160-7EF4-44A9-BBDF-B4EA7B2EA106}.Release|Any CPU.Deploy.0 = Release|Any CPU
	EndGlobalSection
	GlobalSection(SolutionProperties) = preSolution
		HideSolutionNode = FALSE
	EndGlobalSection
	GlobalSection(ExtensibilityGlobals) = postSolution
		SolutionGuid = {BA0A0948-52E5-486A-85A9-35D350ABAFB3}
	EndGlobalSection
EndGlobal
